
Microsoft Visual Studio Solution File, Format Version 12.00
# Visual Studio Version 17
VisualStudioVersion = 17.7.34031.279
MinimumVisualStudioVersion = 10.0.40219.1
Project("{FAE04EC0-301F-11D3-BF4B-00C04F79EFBC}") = "Designer Form", "Designer Form.csproj", "{EE7A85A1-87B5-4F66-9B63-206BDCAE561F}"
EndProject
Global
	GlobalSection(SolutionConfigurationPlatforms) = preSolution
		Debug|Any CPU = Debug|Any CPU
		Release|Any CPU = Release|Any CPU
	EndGlobalSection
	GlobalSection(ProjectConfigurationPlatforms) = postSolution
		{EE7A85A1-87B5-4F66-9B63-206BDCAE561F}.Debug|Any CPU.ActiveCfg = Debug|Any CPU
		{EE7A85A1-87B5-4F66-9B63-206BDCAE561F}.Debug|Any CPU.Build.0 = Debug|Any CPU
		{EE7A85A1-87B5-4F66-9B63-206BDCAE561F}.Release|Any CPU.ActiveCfg = Release|Any CPU
		{EE7A85A1-87B5-4F66-9B63-206BDCAE561F}.Release|Any CPU.Build.0 = Release|Any CPU
	EndGlobalSection
	GlobalSection(SolutionProperties) = preSolution
		HideSolutionNode = FALSE
	EndGlobalSection
	GlobalSection(ExtensibilityGlobals) = postSolution
		SolutionGuid = {D8604B5F-016F-48D2-9638-8EF644595A08}
	EndGlobalSection
EndGlobal
